
Microsoft Visual Studio Solution File, Format Version 12.00
# Visual Studio Version 16
VisualStudioVersion = 16.0.31313.79
MinimumVisualStudioVersion = 10.0.40219.1
Project("{FAE04EC0-301F-11D3-BF4B-00C04F79EFBC}") = "TinyNF", "TinyNF.csproj", "{A7AD4E81-228F-48A0-80B0-A2AFF4807902}"
EndProject
Global
	GlobalSection(SolutionConfigurationPlatforms) = preSolution
		Debug|Any CPU = Debug|Any CPU
		Release|Any CPU = Release|Any CPU
	EndGlobalSection
	GlobalSection(ProjectConfigurationPlatforms) = postSolution
		{A7AD4E81-228F-48A0-80B0-A2AFF4807902}.Debug|Any CPU.ActiveCfg = Debug|Any CPU
		{A7AD4E81-228F-48A0-80B0-A2AFF4807902}.Debug|Any CPU.Build.0 = Debug|Any CPU
		{A7AD4E81-228F-48A0-80B0-A2AFF4807902}.Release|Any CPU.ActiveCfg = Release|Any CPU
		{A7AD4E81-228F-48A0-80B0-A2AFF4807902}.Release|Any CPU.Build.0 = Release|Any CPU
	EndGlobalSection
	GlobalSection(SolutionProperties) = preSolution
		HideSolutionNode = FALSE
	EndGlobalSection
	GlobalSection(ExtensibilityGlobals) = postSolution
		SolutionGuid = {2EC73BC5-F2D1-47EB-88AF-1D2BE8ED4928}
	EndGlobalSection
EndGlobal
